<?xml version="1.0" encoding="utf-8"?>
<Project ToolsVersion="4.0" xmlns="http://schemas.microsoft.com/developer/msbuild/2003">
  <ItemGroup>
    <Filter Include="Source Files">
      <UniqueIdentifier>{4FC737F1-C7A5-4376-A066-2A32D752A2FF}</UniqueIdentifier>
      <Extensions>cpp;c;cc;cxx;c++;cppm;ixx;def;odl;idl;hpj;bat;asm;asmx</Extensions>
    </Filter>
    <Filter Include="Header Files">
      <UniqueIdentifier>{93995380-89BD-4b04-88EB-625FBE52EBFB}</UniqueIdentifier>
      <Extensions>h;hh;hpp;hxx;h++;hm;inl;inc;ipp;xsd</Extensions>
    </Filter>
    <Filter Include="Resource Files">
      <UniqueIdentifier>{67DA6AB6-F800-4c08-8B7A-83BB121AAD01}</UniqueIdentifier>
      <Extensions>rc;ico;cur;bmp;dlg;rc2;rct;bin;rgs;gif;jpg;jpeg;jpe;resx;tiff;tif;png;wav;mfcribbon-ms</Extensions>
    </Filter>
    <Filter Include="APP">
      <UniqueIdentifier>{2006e032-0dd9-44b1-b697-99522e59906a}</UniqueIdentifier>
    </Filter>
    <Filter Include="Card">
      <UniqueIdentifier>{c2c5a35d-52bd-4292-b4cf-89fcec05601d}</UniqueIdentifier>
    </Filter>
    <Filter Include="Terminal">
      <UniqueIdentifier>{c12c9a9b-49a3-4223-a119-8e6156a0d70d}</UniqueIdentifier>
    </Filter>
    <Filter Include="Server">
      <UniqueIdentifier>{2d180622-6a04-429e-a1b6-92c856d65356}</UniqueIdentifier>
    </Filter>
    <Filter Include="Utilities">
      <UniqueIdentifier>{e8736fbf-25d2-4bff-8bc3-ac62f63c8462}</UniqueIdentifier>
    </Filter>
  </ItemGroup>
  <ItemGroup>
    <ClCompile Include="APP\APP.c">
      <Filter>APP</Filter>
    </ClCompile>
    <ClCompile Include="Card\card.c">
      <Filter>Card</Filter>
    </ClCompile>
    <ClCompile Include="Terminal\terminal.c">
      <Filter>Terminal</Filter>
    </ClCompile>
    <ClCompile Include="Server\server.c">
      <Filter>Server</Filter>
    </ClCompile>
    <ClCompile Include="Utilities\utilities.c">
      <Filter>Utilities</Filter>
    </ClCompile>
  </ItemGroup>
  <ItemGroup>
    <ClInclude Include="APP\APP.h">
      <Filter>APP</Filter>
    </ClInclude>
    <ClInclude Include="Card\card.h">
      <Filter>Card</Filter>
    </ClInclude>
    <ClInclude Include="Terminal\terminal.h">
      <Filter>Terminal</Filter>
    </ClInclude>
    <ClInclude Include="Server\server.h">
      <Filter>Server</Filter>
    </ClInclude>
    <ClInclude Include="Utilities\STD_Types.h">
      <Filter>Utilities</Filter>
    </ClInclude>
    <ClInclude Include="Utilities\utilities.h">
      <Filter>Utilities</Filter>
    </ClInclude>
  </ItemGroup>
</Project>